// !$*UTF8*$!
{
	archiveVersion = 1;
	classes = {
	};
	objectVersion = 50;
	objects = {

/* Begin PBXBuildFile section */
		613065D92499B5D1006D6E04 /* AppDelegate.swift in Sources */ = {isa = PBXBuildFile; fileRef = 613065D82499B5D1006D6E04 /* AppDelegate.swift */; };
		613065DB2499B5D1006D6E04 /* SceneDelegate.swift in Sources */ = {isa = PBXBuildFile; fileRef = 613065DA2499B5D1006D6E04 /* SceneDelegate.swift */; };
		613065DD2499B5D1006D6E04 /* ViewController.swift in Sources */ = {isa = PBXBuildFile; fileRef = 613065DC2499B5D1006D6E04 /* ViewController.swift */; };
		613065E02499B5D1006D6E04 /* Main.storyboard in Resources */ = {isa = PBXBuildFile; fileRef = 613065DE2499B5D1006D6E04 /* Main.storyboard */; };
		613065E32499B5D1006D6E04 /* Learning_Core_Skills.xcdatamodeld in Sources */ = {isa = PBXBuildFile; fileRef = 613065E12499B5D1006D6E04 /* Learning_Core_Skills.xcdatamodeld */; };
		613065E52499B65D006D6E04 /* Assets.xcassets in Resources */ = {isa = PBXBuildFile; fileRef = 613065E42499B65D006D6E04 /* Assets.xcassets */; };
		613065E82499B65D006D6E04 /* LaunchScreen.storyboard in Resources */ = {isa = PBXBuildFile; fileRef = 613065E62499B65D006D6E04 /* LaunchScreen.storyboard */; };
/* End PBXBuildFile section */

/* Begin PBXFileReference section */
		613065D52499B5D1006D6E04 /* Learning Core Skills.app */ = {isa = PBXFileReference; explicitFileType = wrapper.application; includeInIndex = 0; path = "Learning Core Skills.app"; sourceTree = BUILT_PRODUCTS_DIR; };
		613065D82499B5D1006D6E04 /* AppDelegate.swift */ = {isa = PBXFileReference; lastKnownFileType = sourcecode.swift; path = AppDelegate.swift; sourceTree = "<group>"; };
		613065DA2499B5D1006D6E04 /* SceneDelegate.swift */ = {isa = PBXFileReference; lastKnownFileType = sourcecode.swift; path = SceneDelegate.swift; sourceTree = "<group>"; };
		613065DC2499B5D1006D6E04 /* ViewController.swift */ = {isa = PBXFileReference; lastKnownFileType = sourcecode.swift; path = ViewController.swift; sourceTree = "<group>"; };
		613065DF2499B5D1006D6E04 /* Base */ = {isa = PBXFileReference; lastKnownFileType = file.storyboard; name = Base; path = Base.lproj/Main.storyboard; sourceTree = "<group>"; };
		613065E22499B5D1006D6E04 /* Learning_Core_Skills.xcdatamodel */ = {isa = PBXFileReference; lastKnownFileType = wrapper.xcdatamodel; path = Learning_Core_Skills.xcdatamodel; sourceTree = "<group>"; };
		613065E42499B65D006D6E04 /* Assets.xcassets */ = {isa = PBXFileReference; lastKnownFileType = folder.assetcatalog; path = Assets.xcassets; sourceTree = "<group>"; };
		613065E72499B65D006D6E04 /* Base */ = {isa = PBXFileReference; lastKnownFileType = file.storyboard; name = Base; path = Base.lproj/LaunchScreen.storyboard; sourceTree = "<group>"; };
		613065E92499B65D006D6E04 /* Info.plist */ = {isa = PBXFileReference; lastKnownFileType = text.plist.xml; path = Info.plist; sourceTree = "<group>"; };
/* End PBXFileReference section */

/* Begin PBXFrameworksBuildPhase section */
		613065D22499B5D0006D6E04 /* Frameworks */ = {
			isa = PBXFrameworksBuildPhase;
			buildActionMask = 2147483647;
			files = (
			);
			runOnlyForDeploymentPostprocessing = 0;
		};
/* End PBXFrameworksBuildPhase section */

/* Begin PBXGroup section */
		613065CC2499B5D0006D6E04 = {
			isa = PBXGroup;
			children = (
				613065D72499B5D1006D6E04 /* Learning Core Skills */,
				613065D62499B5D1006D6E04 /* Products */,
			);
			sourceTree = "<group>";
		};
		613065D62499B5D1006D6E04 /* Products */ = {
			isa = PBXGroup;
			children = (
				613065D52499B5D1006D6E04 /* Learning Core Skills.app */,
			);
			name = Products;
			sourceTree = "<group>";
		};
		613065D72499B5D1006D6E04 /* Learning Core Skills */ = {
			isa = PBXGroup;
			children = (
				613065D82499B5D1006D6E04 /* AppDelegate.swift */,
				613065DA2499B5D1006D6E04 /* SceneDelegate.swift */,
				613065DC2499B5D1006D6E04 /* ViewController.swift */,
				613065DE2499B5D1006D6E04 /* Main.storyboard */,
				613065E42499B65D006D6E04 /* Assets.xcassets */,
				613065E62499B65D006D6E04 /* LaunchScreen.storyboard */,
				613065E92499B65D006D6E04 /* Info.plist */,
				613065E12499B5D1006D6E04 /* Learning_Core_Skills.xcdatamodeld */,
			);
			path = "Learning Core Skills";
			sourceTree = "<group>";
		};
/* End PBXGroup section */

/* Begin PBXNativeTarget section */
		613065D42499B5D0006D6E04 /* Learning Core Skills */ = {
			isa = PBXNativeTarget;
			buildConfigurationList = 613065EC2499B65D006D6E04 /* Build configuration list for PBXNativeTarget "Learning Core Skills" */;
			buildPhases = (
				613065D12499B5D0006D6E04 /* Sources */,
				613065D22499B5D0006D6E04 /* Frameworks */,
				613065D32499B5D0006D6E04 /* Resources */,
			);
			buildRules = (
			);
			dependencies = (
			);
			name = "Learning Core Skills";
			productName = "Learning Core Skills";
			productReference = 613065D52499B5D1006D6E04 /* Learning Core Skills.app */;
			productType = "com.apple.product-type.application";
		};
/* End PBXNativeTarget section */

/* Begin PBXProject section */
		613065CD2499B5D0006D6E04 /* Project object */ = {
			isa = PBXProject;
			attributes = {
				LastSwiftUpdateCheck = 1150;
				LastUpgradeCheck = 1150;
				ORGANIZATIONNAME = "Pawan  Siwakoti";
				TargetAttributes = {
					613065D42499B5D0006D6E04 = {
						CreatedOnToolsVersion = 11.5;
					};
				};
			};
			buildConfigurationList = 613065D02499B5D0006D6E04 /* Build configuration list for PBXProject "Learning Core Skills" */;
			compatibilityVersion = "Xcode 9.3";
			developmentRegion = en;
			hasScannedForEncodings = 0;
			knownRegions = (
				en,
				Base,
			);
			mainGroup = 613065CC2499B5D0006D6E04;
			productRefGroup = 613065D62499B5D1006D6E04 /* Products */;
			projectDirPath = "";
			projectRoot = "";
			targets = (
				613065D42499B5D0006D6E04 /* Learning Core Skills */,
			);
		};
/* End PBXProject section */

/* Begin PBXResourcesBuildPhase section */
		613065D32499B5D0006D6E04 /* Resources */ = {
			isa = PBXResourcesBuildPhase;
			buildActionMask = 2147483647;
			files = (
				613065E82499B65D006D6E04 /* LaunchScreen.storyboard in Resources */,
				613065E52499B65D006D6E04 /* Assets.xcassets in Resources */,
				613065E02499B5D1006D6E04 /* Main.storyboard in Resources */,
			);
			runOnlyForDeploymentPostprocessing = 0;
		};
/* End PBXResourcesBuildPhase section */

/* Begin PBXSourcesBuildPhase section */
		613065D12499B5D0006D6E04 /* Sources */ = {
			isa = PBXSourcesBuildPhase;
			buildActionMask = 2147483647;
			files = (
				613065DD2499B5D1006D6E04 /* ViewController.swift in Sources */,
				613065D92499B5D1006D6E04 /* AppDelegate.swift in Sources */,
				613065E32499B5D1006D6E04 /* Learning_Core_Skills.xcdatamodeld in Sources */,
				613065DB2499B5D1006D6E04 /* SceneDelegate.swift in Sources */,
			);
			runOnlyForDeploymentPostprocessing = 0;
		};
/* End PBXSourcesBuildPhase section */

/* Begin PBXVariantGroup section */
		613065DE2499B5D1006D6E04 /* Main.storyboard */ = {
			isa = PBXVariantGroup;
			children = (
				613065DF2499B5D1006D6E04 /* Base */,
			);
			name = Main.storyboard;
			sourceTree = "<group>";
		};
		613065E62499B65D006D6E04 /* LaunchScreen.storyboard */ = {
			isa = PBXVariantGroup;
			children = (
				613065E72499B65D006D6E04 /* Base */,
			);
			name = LaunchScreen.storyboard;
			sourceTree = "<group>";
		};
/* End PBXVariantGroup section */

/* Begin XCBuildConfiguration section */
		613065EA2499B65D006D6E04 /* Debug */ = {
			isa = XCBuildConfiguration;
			buildSettings = {
				ALWAYS_SEARCH_USER_PATHS = NO;
				CLANG_ANALYZER_NONNULL = YES;
				CLANG_ANALYZER_NUMBER_OBJECT_CONVERSION = YES_AGGRESSIVE;
				CLANG_CXX_LANGUAGE_STANDARD = "gnu++14";
				CLANG_CXX_LIBRARY = "libc++";
				CLANG_ENABLE_MODULES = YES;
				CLANG_ENABLE_OBJC_ARC = YES;
				CLANG_ENABLE_OBJC_WEAK = YES;
				CLANG_WARN_BLOCK_CAPTURE_AUTORELEASING = YES;
				CLANG_WARN_BOOL_CONVERSION = YES;
				CLANG_WARN_COMMA = YES;
				CLANG_WARN_CONSTANT_CONVERSION = YES;
				CLANG_WARN_DEPRECATED_OBJC_IMPLEMENTATIONS = YES;
				CLANG_WARN_DIRECT_OBJC_ISA_USAGE = YES_ERROR;
				CLANG_WARN_DOCUMENTATION_COMMENTS = YES;
				CLANG_WARN_EMPTY_BODY = YES;
				CLANG_WARN_ENUM_CONVERSION = YES;
				CLANG_WARN_INFINITE_RECURSION = YES;
				CLANG_WARN_INT_CONVERSION = YES;
				CLANG_WARN_NON_LITERAL_NULL_CONVERSION = YES;
				CLANG_WARN_OBJC_IMPLICIT_RETAIN_SELF = YES;
				CLANG_WARN_OBJC_LITERAL_CONVERSION = YES;
				CLANG_WARN_OBJC_ROOT_CLASS = YES_ERROR;
				CLANG_WARN_RANGE_LOOP_ANALYSIS = YES;
				CLANG_WARN_STRICT_PROTOTYPES = YES;
				CLANG_WARN_SUSPICIOUS_MOVE = YES;
				CLANG_WARN_UNGUARDED_AVAILABILITY = YES_AGGRESSIVE;
				CLANG_WARN_UNREACHABLE_CODE = YES;
				CLANG_WARN__DUPLICATE_METHOD_MATCH = YES;
				COPY_PHASE_STRIP = NO;
				DEBUG_INFORMATION_FORMAT = dwarf;
				ENABLE_STRICT_OBJC_MSGSEND = YES;
				ENABLE_TESTABILITY = YES;
				GCC_C_LANGUAGE_STANDARD = gnu11;
				GCC_DYNAMIC_NO_PIC = NO;
				GCC_NO_COMMON_BLOCKS = YES;
				GCC_OPTIMIZATION_LEVEL = 0;
				GCC_PREPROCESSOR_DEFINITIONS = (
					"DEBUG=1",
					"$(inherited)",
				);
				GCC_WARN_64_TO_32_BIT_CONVERSION = YES;
				GCC_WARN_ABOUT_RETURN_TYPE = YES_ERROR;
				GCC_WARN_UNDECLARED_SELECTOR = YES;
				GCC_WARN_UNINITIALIZED_AUTOS = YES_AGGRESSIVE;
				GCC_WARN_UNUSED_FUNCTION = YES;
				GCC_WARN_UNUSED_VARIABLE = YES;
				IPHONEOS_DEPLOYMENT_TARGET = 13.5;
				MTL_ENABLE_DEBUG_INFO = INCLUDE_SOURCE;
				MTL_FAST_MATH = YES;
				ONLY_ACTIVE_ARCH = YES;
				SDKROOT = iphoneos;
				SWIFT_ACTIVE_COMPILATION_CONDITIONS = DEBUG;
				SWIFT_OPTIMIZATION_LEVEL = "-Onone";
			};
			name = Debug;
		};
		613065EB2499B65D006D6E04 /* Release */ = {
			isa = XCBuildConfiguration;
			buildSettings = {
				ALWAYS_SEARCH_USER_PATHS = NO;
				CLANG_ANALYZER_NONNULL = YES;
				CLANG_ANALYZER_NUMBER_OBJECT_CONVERSION = YES_AGGRESSIVE;
				CLANG_CXX_LANGUAGE_STANDARD = "gnu++14";
				CLANG_CXX_LIBRARY = "libc++";
				CLANG_ENABLE_MODULES = YES;
				CLANG_ENABLE_OBJC_ARC = YES;
				CLANG_ENABLE_OBJC_WEAK = YES;
				CLANG_WARN_BLOCK_CAPTURE_AUTORELEASING = YES;
				CLANG_WARN_BOOL_CONVERSION = YES;
				CLANG_WARN_COMMA = YES;
				CLANG_WARN_CONSTANT_CONVERSION = YES;
				CLANG_WARN_DEPRECATED_OBJC_IMPLEMENTATIONS = YES;
				CLANG_WARN_DIRECT_OBJC_ISA_USAGE = YES_ERROR;
				CLANG_WARN_DOCUMENTATION_COMMENTS = YES;
				CLANG_WARN_EMPTY_BODY = YES;
				CLANG_WARN_ENUM_CONVERSION = YES;
				CLANG_WARN_INFINITE_RECURSION = YES;
				CLANG_WARN_INT_CONVERSION = YES;
				CLANG_WARN_NON_LITERAL_NULL_CONVERSION = YES;
				CLANG_WARN_OBJC_IMPLICIT_RETAIN_SELF = YES;
				CLANG_WARN_OBJC_LITERAL_CONVERSION = YES;
				CLANG_WARN_OBJC_ROOT_CLASS = YES_ERROR;
				CLANG_WARN_RANGE_LOOP_ANALYSIS = YES;
				CLANG_WARN_STRICT_PROTOTYPES = YES;
				CLANG_WARN_SUSPICIOUS_MOVE = YES;
				CLANG_WARN_UNGUARDED_AVAILABILITY = YES_AGGRESSIVE;
				CLANG_WARN_UNREACHABLE_CODE = YES;
				CLANG_WARN__DUPLICATE_METHOD_MATCH = YES;
				COPY_PHASE_STRIP = NO;
				DEBUG_INFORMATION_FORMAT = "dwarf-with-dsym";
				ENABLE_NS_ASSERTIONS = NO;
				ENABLE_STRICT_OBJC_MSGSEND = YES;
				GCC_C_LANGUAGE_STANDARD = gnu11;
				GCC_NO_COMMON_BLOCKS = YES;
				GCC_WARN_64_TO_32_BIT_CONVERSION = YES;
				GCC_WARN_ABOUT_RETURN_TYPE = YES_ERROR;
				GCC_WARN_UNDECLARED_SELECTOR = YES;
				GCC_WARN_UNINITIALIZED_AUTOS = YES_AGGRESSIVE;
				GCC_WARN_UNUSED_FUNCTION = YES;
				GCC_WARN_UNUSED_VARIABLE = YES;
				IPHONEOS_DEPLOYMENT_TARGET = 13.5;
				MTL_ENABLE_DEBUG_INFO = NO;
				MTL_FAST_MATH = YES;
				SDKROOT = iphoneos;
				SWIFT_COMPILATION_MODE = wholemodule;
				SWIFT_OPTIMIZATION_LEVEL = "-O";
				VALIDATE_PRODUCT = YES;
			};
			name = Release;
		};
		613065ED2499B65D006D6E04 /* Debug */ = {
			isa = XCBuildConfiguration;
			buildSettings = {
				ASSETCATALOG_COMPILER_APPICON_NAME = AppIcon;
				CODE_SIGN_STYLE = Automatic;
				DEVELOPMENT_TEAM = HQZ68A33P9;
				INFOPLIST_FILE = "Learning Core Skills/Info.plist";
				LD_RUNPATH_SEARCH_PATHS = (
					"$(inherited)",
					"@executable_path/Frameworks",
				);
				PRODUCT_BUNDLE_IDENTIFIER = "deakin.Learning-Core-Skills";
				PRODUCT_NAME = "$(TARGET_NAME)";
				SWIFT_VERSION = 5.0;
				TARGETED_DEVICE_FAMILY = "1,2";
			};
			name = Debug;
		};
		613065EE2499B65D006D6E04 /* Release */ = {
			isa = XCBuildConfiguration;
			buildSettings = {
				ASSETCATALOG_COMPILER_APPICON_NAME = AppIcon;
				CODE_SIGN_STYLE = Automatic;
				DEVELOPMENT_TEAM = HQZ68A33P9;
				INFOPLIST_FILE = "Learning Core Skills/Info.plist";
				LD_RUNPATH_SEARCH_PATHS = (
					"$(inherited)",
					"@executable_path/Frameworks",
				);
				PRODUCT_BUNDLE_IDENTIFIER = "deakin.Learning-Core-Skills";
				PRODUCT_NAME = "$(TARGET_NAME)";
				SWIFT_VERSION = 5.0;
				TARGETED_DEVICE_FAMILY = "1,2";
			};
			name = Release;
		};
/* End XCBuildConfiguration section */

/* Begin XCConfigurationList section */
		613065D02499B5D0006D6E04 /* Build configuration list for PBXProject "Learning Core Skills" */ = {
			isa = XCConfigurationList;
			buildConfigurations = (
				613065EA2499B65D006D6E04 /* Debug */,
				613065EB2499B65D006D6E04 /* Release */,
			);
			defaultConfigurationIsVisible = 0;
			defaultConfigurationName = Release;
		};
		613065EC2499B65D006D6E04 /* Build configuration list for PBXNativeTarget "Learning Core Skills" */ = {
			isa = XCConfigurationList;
			buildConfigurations = (
				613065ED2499B65D006D6E04 /* Debug */,
				613065EE2499B65D006D6E04 /* Release */,
			);
			defaultConfigurationIsVisible = 0;
			defaultConfigurationName = Release;
		};
/* End XCConfigurationList section */

/* Begin XCVersionGroup section */
		613065E12499B5D1006D6E04 /* Learning_Core_Skills.xcdatamodeld */ = {
			isa = XCVersionGroup;
			children = (
				613065E22499B5D1006D6E04 /* Learning_Core_Skills.xcdatamodel */,
			);
			currentVersion = 613065E22499B5D1006D6E04 /* Learning_Core_Skills.xcdatamodel */;
			path = Learning_Core_Skills.xcdatamodeld;
			sourceTree = "<group>";
			versionGroupType = wrapper.xcdatamodel;
		};
/* End XCVersionGroup section */
	};
	rootObject = 613065CD2499B5D0006D6E04 /* Project object */;
}
